Microsoft Visual Studio Solution File, Format Version 12.00
# Visual Studio Version 16
VisualStudioVersion = 16.0.29519.87
MinimumVisualStudioVersion = 10.0.40219.1
Project("{9A19103F-16F7-4668-BE54-9A1E7A4F7556}") = "backend", "backend\backend.csproj", "{CAD68AB7-D145-4C49-90E1-9298EFF6B434}"
EndProject
Project("{2150E333-8FDC-42A3-9474-1A3956D46DE8}") = "Misc", "Misc", "{331C73DA-9AF9-40A6-BAF0-C025349C3818}"
	ProjectSection(SolutionItems) = preProject
		.gitignore = .gitignore
		LICENSE = LICENSE
		README.md = README.md
	EndProjectSection
EndProject
Global
	GlobalSection(SolutionConfigurationPlatforms) = preSolution
		Debug|Any CPU = Debug|Any CPU
		Release|Any CPU = Release|Any CPU
	EndGlobalSection
	GlobalSection(ProjectConfigurationPlatforms) = postSolution
		{CAD68AB7-D145-4C49-90E1-9298EFF6B434}.Debug|Any CPU.ActiveCfg = Debug|Any CPU
		{CAD68AB7-D145-4C49-90E1-9298EFF6B434}.Debug|Any CPU.Build.0 = Debug|Any CPU
		{CAD68AB7-D145-4C49-90E1-9298EFF6B434}.Release|Any CPU.ActiveCfg = Release|Any CPU
		{CAD68AB7-D145-4C49-90E1-9298EFF6B434}.Release|Any CPU.Build.0 = Release|Any CPU
	EndGlobalSection
	GlobalSection(SolutionProperties) = preSolution
		HideSolutionNode = FALSE
	EndGlobalSection
	GlobalSection(ExtensibilityGlobals) = postSolution
		SolutionGuid = {87173420-75BA-4575-B8A7-217799407049}
	EndGlobalSection
EndGlobal
